
Microsoft Visual Studio Solution File, Format Version 12.00
# Visual Studio 15
VisualStudioVersion = 15.0.28307.1259
MinimumVisualStudioVersion = 10.0.40219.1
Project("{FAE04EC0-301F-11D3-BF4B-00C04F79EFBC}") = "Promedioe", "Promedioe\Promedioe.csproj", "{1D974D67-D3FD-494E-ACA5-C2AF5E0D765D}"
EndProject
Global
	GlobalSection(SolutionConfigurationPlatforms) = preSolution
		Debug|Any CPU = Debug|Any CPU
		Release|Any CPU = Release|Any CPU
	EndGlobalSection
	GlobalSection(ProjectConfigurationPlatforms) = postSolution
		{1D974D67-D3FD-494E-ACA5-C2AF5E0D765D}.Debug|Any CPU.ActiveCfg = Debug|Any CPU
		{1D974D67-D3FD-494E-ACA5-C2AF5E0D765D}.Debug|Any CPU.Build.0 = Debug|Any CPU
		{1D974D67-D3FD-494E-ACA5-C2AF5E0D765D}.Release|Any CPU.ActiveCfg = Release|Any CPU
		{1D974D67-D3FD-494E-ACA5-C2AF5E0D765D}.Release|Any CPU.Build.0 = Release|Any CPU
	EndGlobalSection
	GlobalSection(SolutionProperties) = preSolution
		HideSolutionNode = FALSE
	EndGlobalSection
	GlobalSection(ExtensibilityGlobals) = postSolution
		SolutionGuid = {98BE9BCE-1110-4851-825B-1703974850E9}
	EndGlobalSection
EndGlobal
